// !$*UTF8*$!
{
	archiveVersion = 1;
	classes = {
	};
	objectVersion = 46;
	objects = {

/* Begin PBXBuildFile section */
		4600D6D11B885CA200C35678 /* main.m in Sources */ = {isa = PBXBuildFile; fileRef = 4600D6D01B885CA200C35678 /* main.m */; };
		4600D6D41B885CA200C35678 /* AppDelegate.m in Sources */ = {isa = PBXBuildFile; fileRef = 4600D6D31B885CA200C35678 /* AppDelegate.m */; };
		4600D6D71B885CA200C35678 /* Thousand_Words.xcdatamodeld in Sources */ = {isa = PBXBuildFile; fileRef = 4600D6D51B885CA200C35678 /* Thousand_Words.xcdatamodeld */; };
		4600D6DA1B885CA200C35678 /* ViewController.m in Sources */ = {isa = PBXBuildFile; fileRef = 4600D6D91B885CA200C35678 /* ViewController.m */; };
		4600D6DD1B885CA200C35678 /* Main.storyboard in Resources */ = {isa = PBXBuildFile; fileRef = 4600D6DB1B885CA200C35678 /* Main.storyboard */; };
		4600D6DF1B885CA200C35678 /* Images.xcassets in Resources */ = {isa = PBXBuildFile; fileRef = 4600D6DE1B885CA200C35678 /* Images.xcassets */; };
		4600D6E21B885CA200C35678 /* LaunchScreen.xib in Resources */ = {isa = PBXBuildFile; fileRef = 4600D6E01B885CA200C35678 /* LaunchScreen.xib */; };
		4600D6EE1B885CA300C35678 /* Thousand_WordsTests.m in Sources */ = {isa = PBXBuildFile; fileRef = 4600D6ED1B885CA300C35678 /* Thousand_WordsTests.m */; };
		4600D6F91B88E55600C35678 /* TWTableViewController.m in Sources */ = {isa = PBXBuildFile; fileRef = 4600D6F81B88E55600C35678 /* TWTableViewController.m */; };
		4600D6FC1B89015300C35678 /* Album.m in Sources */ = {isa = PBXBuildFile; fileRef = 4600D6FB1B89015300C35678 /* Album.m */; };
		4600D6FF1B8A2B4600C35678 /* TWCollectionViewController.m in Sources */ = {isa = PBXBuildFile; fileRef = 4600D6FE1B8A2B4600C35678 /* TWCollectionViewController.m */; };
		4600D7021B8A4A1600C35678 /* TWCollectionPhotoViewCell.m in Sources */ = {isa = PBXBuildFile; fileRef = 4600D7011B8A4A1600C35678 /* TWCollectionPhotoViewCell.m */; };
		4600D7041B8A4D9500C35678 /* SampleImg.jpeg in Resources */ = {isa = PBXBuildFile; fileRef = 4600D7031B8A4D9500C35678 /* SampleImg.jpeg */; };
		4600D7061B8A523000C35678 /* astronaut.jpg in Resources */ = {isa = PBXBuildFile; fileRef = 4600D7051B8A523000C35678 /* astronaut.jpg */; };
/* End PBXBuildFile section */

/* Begin PBXContainerItemProxy section */
		4600D6E81B885CA300C35678 /* PBXContainerItemProxy */ = {
			isa = PBXContainerItemProxy;
			containerPortal = 4600D6C31B885CA200C35678 /* Project object */;
			proxyType = 1;
			remoteGlobalIDString = 4600D6CA1B885CA200C35678;
			remoteInfo = "Thousand Words";
		};
/* End PBXContainerItemProxy section */

/* Begin PBXFileReference section */
		4600D6CB1B885CA200C35678 /* Thousand Words.app */ = {isa = PBXFileReference; explicitFileType = wrapper.application; includeInIndex = 0; path = "Thousand Words.app"; sourceTree = BUILT_PRODUCTS_DIR; };
		4600D6CF1B885CA200C35678 /* Info.plist */ = {isa = PBXFileReference; lastKnownFileType = text.plist.xml; path = Info.plist; sourceTree = "<group>"; };
		4600D6D01B885CA200C35678 /* main.m */ = {isa = PBXFileReference; lastKnownFileType = sourcecode.c.objc; path = main.m; sourceTree = "<group>"; };
		4600D6D21B885CA200C35678 /* AppDelegate.h */ = {isa = PBXFileReference; lastKnownFileType = sourcecode.c.h; path = AppDelegate.h; sourceTree = "<group>"; };
		4600D6D31B885CA200C35678 /* AppDelegate.m */ = {isa = PBXFileReference; lastKnownFileType = sourcecode.c.objc; path = AppDelegate.m; sourceTree = "<group>"; };
		4600D6D61B885CA200C35678 /* Thousand_Words.xcdatamodel */ = {isa = PBXFileReference; lastKnownFileType = wrapper.xcdatamodel; path = Thousand_Words.xcdatamodel; sourceTree = "<group>"; };
		4600D6D81B885CA200C35678 /* ViewController.h */ = {isa = PBXFileReference; lastKnownFileType = sourcecode.c.h; path = ViewController.h; sourceTree = "<group>"; };
		4600D6D91B885CA200C35678 /* ViewController.m */ = {isa = PBXFileReference; lastKnownFileType = sourcecode.c.objc; path = ViewController.m; sourceTree = "<group>"; };
		4600D6DC1B885CA200C35678 /* Base */ = {isa = PBXFileReference; lastKnownFileType = file.storyboard; name = Base; path = Base.lproj/Main.storyboard; sourceTree = "<group>"; };
		4600D6DE1B885CA200C35678 /* Images.xcassets */ = {isa = PBXFileReference; lastKnownFileType = folder.assetcatalog; path = Images.xcassets; sourceTree = "<group>"; };
		4600D6E11B885CA200C35678 /* Base */ = {isa = PBXFileReference; lastKnownFileType = file.xib; name = Base; path = Base.lproj/LaunchScreen.xib; sourceTree = "<group>"; };
		4600D6E71B885CA300C35678 /* Thousand WordsTests.xctest */ = {isa = PBXFileReference; explicitFileType = wrapper.cfbundle; includeInIndex = 0; path = "Thousand WordsTests.xctest"; sourceTree = BUILT_PRODUCTS_DIR; };
		4600D6EC1B885CA300C35678 /* Info.plist */ = {isa = PBXFileReference; lastKnownFileType = text.plist.xml; path = Info.plist; sourceTree = "<group>"; };
		4600D6ED1B885CA300C35678 /* Thousand_WordsTests.m */ = {isa = PBXFileReference; lastKnownFileType = sourcecode.c.objc; path = Thousand_WordsTests.m; sourceTree = "<group>"; };
		4600D6F71B88E55600C35678 /* TWTableViewController.h */ = {isa = PBXFileReference; fileEncoding = 4; lastKnownFileType = sourcecode.c.h; path = TWTableViewController.h; sourceTree = "<group>"; };
		4600D6F81B88E55600C35678 /* TWTableViewController.m */ = {isa = PBXFileReference; fileEncoding = 4; lastKnownFileType = sourcecode.c.objc; path = TWTableViewController.m; sourceTree = "<group>"; };
		4600D6FA1B89015300C35678 /* Album.h */ = {isa = PBXFileReference; fileEncoding = 4; lastKnownFileType = sourcecode.c.h; path = Album.h; sourceTree = "<group>"; };
		4600D6FB1B89015300C35678 /* Album.m */ = {isa = PBXFileReference; fileEncoding = 4; lastKnownFileType = sourcecode.c.objc; path = Album.m; sourceTree = "<group>"; };
		4600D6FD1B8A2B4600C35678 /* TWCollectionViewController.h */ = {isa = PBXFileReference; fileEncoding = 4; lastKnownFileType = sourcecode.c.h; path = TWCollectionViewController.h; sourceTree = "<group>"; };
		4600D6FE1B8A2B4600C35678 /* TWCollectionViewController.m */ = {isa = PBXFileReference; fileEncoding = 4; lastKnownFileType = sourcecode.c.objc; path = TWCollectionViewController.m; sourceTree = "<group>"; };
		4600D7001B8A4A1600C35678 /* TWCollectionPhotoViewCell.h */ = {isa = PBXFileReference; fileEncoding = 4; lastKnownFileType = sourcecode.c.h; path = TWCollectionPhotoViewCell.h; sourceTree = "<group>"; };
		4600D7011B8A4A1600C35678 /* TWCollectionPhotoViewCell.m */ = {isa = PBXFileReference; fileEncoding = 4; lastKnownFileType = sourcecode.c.objc; path = TWCollectionPhotoViewCell.m; sourceTree = "<group>"; };
		4600D7031B8A4D9500C35678 /* SampleImg.jpeg */ = {isa = PBXFileReference; lastKnownFileType = image.jpeg; path = SampleImg.jpeg; sourceTree = "<group>"; };
		4600D7051B8A523000C35678 /* astronaut.jpg */ = {isa = PBXFileReference; lastKnownFileType = image.jpeg; path = astronaut.jpg; sourceTree = "<group>"; };
/* End PBXFileReference section */

/* Begin PBXFrameworksBuildPhase section */
		4600D6C81B885CA200C35678 /* Frameworks */ = {
			isa = PBXFrameworksBuildPhase;
			buildActionMask = 2147483647;
			files = (
			);
			runOnlyForDeploymentPostprocessing = 0;
		};
		4600D6E41B885CA300C35678 /* Frameworks */ = {
			isa = PBXFrameworksBuildPhase;
			buildActionMask = 2147483647;
			files = (
			);
			runOnlyForDeploymentPostprocessing = 0;
		};
/* End PBXFrameworksBuildPhase section */

/* Begin PBXGroup section */
		4600D6C21B885CA200C35678 = {
			isa = PBXGroup;
			children = (
				4600D6CD1B885CA200C35678 /* Thousand Words */,
				4600D6EA1B885CA300C35678 /* Thousand WordsTests */,
				4600D6CC1B885CA200C35678 /* Products */,
			);
			sourceTree = "<group>";
		};
		4600D6CC1B885CA200C35678 /* Products */ = {
			isa = PBXGroup;
			children = (
				4600D6CB1B885CA200C35678 /* Thousand Words.app */,
				4600D6E71B885CA300C35678 /* Thousand WordsTests.xctest */,
			);
			name = Products;
			sourceTree = "<group>";
		};
		4600D6CD1B885CA200C35678 /* Thousand Words */ = {
			isa = PBXGroup;
			children = (
				4600D6D21B885CA200C35678 /* AppDelegate.h */,
				4600D6D31B885CA200C35678 /* AppDelegate.m */,
				4600D6D81B885CA200C35678 /* ViewController.h */,
				4600D6D91B885CA200C35678 /* ViewController.m */,
				4600D6DB1B885CA200C35678 /* Main.storyboard */,
				4600D6DE1B885CA200C35678 /* Images.xcassets */,
				4600D6E01B885CA200C35678 /* LaunchScreen.xib */,
				4600D6D51B885CA200C35678 /* Thousand_Words.xcdatamodeld */,
				4600D6CE1B885CA200C35678 /* Supporting Files */,
				4600D6F71B88E55600C35678 /* TWTableViewController.h */,
				4600D6F81B88E55600C35678 /* TWTableViewController.m */,
			);
			path = "Thousand Words";
			sourceTree = "<group>";
		};
		4600D6CE1B885CA200C35678 /* Supporting Files */ = {
			isa = PBXGroup;
			children = (
				4600D6FA1B89015300C35678 /* Album.h */,
				4600D6FB1B89015300C35678 /* Album.m */,
				4600D6CF1B885CA200C35678 /* Info.plist */,
				4600D6D01B885CA200C35678 /* main.m */,
				4600D7051B8A523000C35678 /* astronaut.jpg */,
				4600D7031B8A4D9500C35678 /* SampleImg.jpeg */,
				4600D6FD1B8A2B4600C35678 /* TWCollectionViewController.h */,
				4600D6FE1B8A2B4600C35678 /* TWCollectionViewController.m */,
				4600D7001B8A4A1600C35678 /* TWCollectionPhotoViewCell.h */,
				4600D7011B8A4A1600C35678 /* TWCollectionPhotoViewCell.m */,
			);
			name = "Supporting Files";
			sourceTree = "<group>";
		};
		4600D6EA1B885CA300C35678 /* Thousand WordsTests */ = {
			isa = PBXGroup;
			children = (
				4600D6ED1B885CA300C35678 /* Thousand_WordsTests.m */,
				4600D6EB1B885CA300C35678 /* Supporting Files */,
			);
			path = "Thousand WordsTests";
			sourceTree = "<group>";
		};
		4600D6EB1B885CA300C35678 /* Supporting Files */ = {
			isa = PBXGroup;
			children = (
				4600D6EC1B885CA300C35678 /* Info.plist */,
			);
			name = "Supporting Files";
			sourceTree = "<group>";
		};
/* End PBXGroup section */

/* Begin PBXNativeTarget section */
		4600D6CA1B885CA200C35678 /* Thousand Words */ = {
			isa = PBXNativeTarget;
			buildConfigurationList = 4600D6F11B885CA300C35678 /* Build configuration list for PBXNativeTarget "Thousand Words" */;
			buildPhases = (
				4600D6C71B885CA200C35678 /* Sources */,
				4600D6C81B885CA200C35678 /* Frameworks */,
				4600D6C91B885CA200C35678 /* Resources */,
			);
			buildRules = (
			);
			dependencies = (
			);
			name = "Thousand Words";
			productName = "Thousand Words";
			productReference = 4600D6CB1B885CA200C35678 /* Thousand Words.app */;
			productType = "com.apple.product-type.application";
		};
		4600D6E61B885CA300C35678 /* Thousand WordsTests */ = {
			isa = PBXNativeTarget;
			buildConfigurationList = 4600D6F41B885CA300C35678 /* Build configuration list for PBXNativeTarget "Thousand WordsTests" */;
			buildPhases = (
				4600D6E31B885CA300C35678 /* Sources */,
				4600D6E41B885CA300C35678 /* Frameworks */,
				4600D6E51B885CA300C35678 /* Resources */,
			);
			buildRules = (
			);
			dependencies = (
				4600D6E91B885CA300C35678 /* PBXTargetDependency */,
			);
			name = "Thousand WordsTests";
			productName = "Thousand WordsTests";
			productReference = 4600D6E71B885CA300C35678 /* Thousand WordsTests.xctest */;
			productType = "com.apple.product-type.bundle.unit-test";
		};
/* End PBXNativeTarget section */

/* Begin PBXProject section */
		4600D6C31B885CA200C35678 /* Project object */ = {
			isa = PBXProject;
			attributes = {
				LastUpgradeCheck = 0640;
				ORGANIZATIONNAME = abhishek;
				TargetAttributes = {
					4600D6CA1B885CA200C35678 = {
						CreatedOnToolsVersion = 6.4;
					};
					4600D6E61B885CA300C35678 = {
						CreatedOnToolsVersion = 6.4;
						TestTargetID = 4600D6CA1B885CA200C35678;
					};
				};
			};
			buildConfigurationList = 4600D6C61B885CA200C35678 /* Build configuration list for PBXProject "Thousand Words" */;
			compatibilityVersion = "Xcode 3.2";
			developmentRegion = English;
			hasScannedForEncodings = 0;
			knownRegions = (
				en,
				Base,
			);
			mainGroup = 4600D6C21B885CA200C35678;
			productRefGroup = 4600D6CC1B885CA200C35678 /* Products */;
			projectDirPath = "";
			projectRoot = "";
			targets = (
				4600D6CA1B885CA200C35678 /* Thousand Words */,
				4600D6E61B885CA300C35678 /* Thousand WordsTests */,
			);
		};
/* End PBXProject section */

/* Begin PBXResourcesBuildPhase section */
		4600D6C91B885CA200C35678 /* Resources */ = {
			isa = PBXResourcesBuildPhase;
			buildActionMask = 2147483647;
			files = (
				4600D6DD1B885CA200C35678 /* Main.storyboard in Resources */,
				4600D7041B8A4D9500C35678 /* SampleImg.jpeg in Resources */,
				4600D6E21B885CA200C35678 /* LaunchScreen.xib in Resources */,
				4600D7061B8A523000C35678 /* astronaut.jpg in Resources */,
				4600D6DF1B885CA200C35678 /* Images.xcassets in Resources */,
			);
			runOnlyForDeploymentPostprocessing = 0;
		};
		4600D6E51B885CA300C35678 /* Resources */ = {
			isa = PBXResourcesBuildPhase;
			buildActionMask = 2147483647;
			files = (
			);
			runOnlyForDeploymentPostprocessing = 0;
		};
/* End PBXResourcesBuildPhase section */

/* Begin PBXSourcesBuildPhase section */
		4600D6C71B885CA200C35678 /* Sources */ = {
			isa = PBXSourcesBuildPhase;
			buildActionMask = 2147483647;
			files = (
				4600D6D41B885CA200C35678 /* AppDelegate.m in Sources */,
				4600D6F91B88E55600C35678 /* TWTableViewController.m in Sources */,
				4600D7021B8A4A1600C35678 /* TWCollectionPhotoViewCell.m in Sources */,
				4600D6D11B885CA200C35678 /* main.m in Sources */,
				4600D6FF1B8A2B4600C35678 /* TWCollectionViewController.m in Sources */,
				4600D6FC1B89015300C35678 /* Album.m in Sources */,
				4600D6DA1B885CA200C35678 /* ViewController.m in Sources */,
				4600D6D71B885CA200C35678 /* Thousand_Words.xcdatamodeld in Sources */,
			);
			runOnlyForDeploymentPostprocessing = 0;
		};
		4600D6E31B885CA300C35678 /* Sources */ = {
			isa = PBXSourcesBuildPhase;
			buildActionMask = 2147483647;
			files = (
				4600D6EE1B885CA300C35678 /* Thousand_WordsTests.m in Sources */,
			);
			runOnlyForDeploymentPostprocessing = 0;
		};
/* End PBXSourcesBuildPhase section */

/* Begin PBXTargetDependency section */
		4600D6E91B885CA300C35678 /* PBXTargetDependency */ = {
			isa = PBXTargetDependency;
			target = 4600D6CA1B885CA200C35678 /* Thousand Words */;
			targetProxy = 4600D6E81B885CA300C35678 /* PBXContainerItemProxy */;
		};
/* End PBXTargetDependency section */

/* Begin PBXVariantGroup section */
		4600D6DB1B885CA200C35678 /* Main.storyboard */ = {
			isa = PBXVariantGroup;
			children = (
				4600D6DC1B885CA200C35678 /* Base */,
			);
			name = Main.storyboard;
			sourceTree = "<group>";
		};
		4600D6E01B885CA200C35678 /* LaunchScreen.xib */ = {
			isa = PBXVariantGroup;
			children = (
				4600D6E11B885CA200C35678 /* Base */,
			);
			name = LaunchScreen.xib;
			sourceTree = "<group>";
		};
/* End PBXVariantGroup section */

/* Begin XCBuildConfiguration section */
		4600D6EF1B885CA300C35678 /* Debug */ = {
			isa = XCBuildConfiguration;
			buildSettings = {
				ALWAYS_SEARCH_USER_PATHS = NO;
				CLANG_CXX_LANGUAGE_STANDARD = "gnu++0x";
				CLANG_CXX_LIBRARY = "libc++";
				CLANG_ENABLE_MODULES = YES;
				CLANG_ENABLE_OBJC_ARC = YES;
				CLANG_WARN_BOOL_CONVERSION = YES;
				CLANG_WARN_CONSTANT_CONVERSION = YES;
				CLANG_WARN_DIRECT_OBJC_ISA_USAGE = YES_ERROR;
				CLANG_WARN_EMPTY_BODY = YES;
				CLANG_WARN_ENUM_CONVERSION = YES;
				CLANG_WARN_INT_CONVERSION = YES;
				CLANG_WARN_OBJC_ROOT_CLASS = YES_ERROR;
				CLANG_WARN_UNREACHABLE_CODE = YES;
				CLANG_WARN__DUPLICATE_METHOD_MATCH = YES;
				"CODE_SIGN_IDENTITY[sdk=iphoneos*]" = "iPhone Developer";
				COPY_PHASE_STRIP = NO;
				DEBUG_INFORMATION_FORMAT = "dwarf-with-dsym";
				ENABLE_STRICT_OBJC_MSGSEND = YES;
				GCC_C_LANGUAGE_STANDARD = gnu99;
				GCC_DYNAMIC_NO_PIC = NO;
				GCC_NO_COMMON_BLOCKS = YES;
				GCC_OPTIMIZATION_LEVEL = 0;
				GCC_PREPROCESSOR_DEFINITIONS = (
					"DEBUG=1",
					"$(inherited)",
				);
				GCC_SYMBOLS_PRIVATE_EXTERN = NO;
				GCC_WARN_64_TO_32_BIT_CONVERSION = YES;
				GCC_WARN_ABOUT_RETURN_TYPE = YES_ERROR;
				GCC_WARN_UNDECLARED_SELECTOR = YES;
				GCC_WARN_UNINITIALIZED_AUTOS = YES_AGGRESSIVE;
				GCC_WARN_UNUSED_FUNCTION = YES;
				GCC_WARN_UNUSED_VARIABLE = YES;
				IPHONEOS_DEPLOYMENT_TARGET = 8.4;
				MTL_ENABLE_DEBUG_INFO = YES;
				ONLY_ACTIVE_ARCH = YES;
				SDKROOT = iphoneos;
			};
			name = Debug;
		};
		4600D6F01B885CA300C35678 /* Release */ = {
			isa = XCBuildConfiguration;
			buildSettings = {
				ALWAYS_SEARCH_USER_PATHS = NO;
				CLANG_CXX_LANGUAGE_STANDARD = "gnu++0x";
				CLANG_CXX_LIBRARY = "libc++";
				CLANG_ENABLE_MODULES = YES;
				CLANG_ENABLE_OBJC_ARC = YES;
				CLANG_WARN_BOOL_CONVERSION = YES;
				CLANG_WARN_CONSTANT_CONVERSION = YES;
				CLANG_WARN_DIRECT_OBJC_ISA_USAGE = YES_ERROR;
				CLANG_WARN_EMPTY_BODY = YES;
				CLANG_WARN_ENUM_CONVERSION = YES;
				CLANG_WARN_INT_CONVERSION = YES;
				CLANG_WARN_OBJC_ROOT_CLASS = YES_ERROR;
				CLANG_WARN_UNREACHABLE_CODE = YES;
				CLANG_WARN__DUPLICATE_METHOD_MATCH = YES;
				"CODE_SIGN_IDENTITY[sdk=iphoneos*]" = "iPhone Developer";
				COPY_PHASE_STRIP = NO;
				DEBUG_INFORMATION_FORMAT = "dwarf-with-dsym";
				ENABLE_NS_ASSERTIONS = NO;
				ENABLE_STRICT_OBJC_MSGSEND = YES;
				GCC_C_LANGUAGE_STANDARD = gnu99;
				GCC_NO_COMMON_BLOCKS = YES;
				GCC_WARN_64_TO_32_BIT_CONVERSION = YES;
				GCC_WARN_ABOUT_RETURN_TYPE = YES_ERROR;
				GCC_WARN_UNDECLARED_SELECTOR = YES;
				GCC_WARN_UNINITIALIZED_AUTOS = YES_AGGRESSIVE;
				GCC_WARN_UNUSED_FUNCTION = YES;
				GCC_WARN_UNUSED_VARIABLE = YES;
				IPHONEOS_DEPLOYMENT_TARGET = 8.4;
				MTL_ENABLE_DEBUG_INFO = NO;
				SDKROOT = iphoneos;
				VALIDATE_PRODUCT = YES;
			};
			name = Release;
		};
		4600D6F21B885CA300C35678 /* Debug */ = {
			isa = XCBuildConfiguration;
			buildSettings = {
				ASSETCATALOG_COMPILER_APPICON_NAME = AppIcon;
				INFOPLIST_FILE = "Thousand Words/Info.plist";
				LD_RUNPATH_SEARCH_PATHS = "$(inherited) @executable_path/Frameworks";
				PRODUCT_NAME = "$(TARGET_NAME)";
			};
			name = Debug;
		};
		4600D6F31B885CA300C35678 /* Release */ = {
			isa = XCBuildConfiguration;
			buildSettings = {
				ASSETCATALOG_COMPILER_APPICON_NAME = AppIcon;
				INFOPLIST_FILE = "Thousand Words/Info.plist";
				LD_RUNPATH_SEARCH_PATHS = "$(inherited) @executable_path/Frameworks";
				PRODUCT_NAME = "$(TARGET_NAME)";
			};
			name = Release;
		};
		4600D6F51B885CA300C35678 /* Debug */ = {
			isa = XCBuildConfiguration;
			buildSettings = {
				BUNDLE_LOADER = "$(TEST_HOST)";
				FRAMEWORK_SEARCH_PATHS = (
					"$(SDKROOT)/Developer/Library/Frameworks",
					"$(inherited)",
				);
				GCC_PREPROCESSOR_DEFINITIONS = (
					"DEBUG=1",
					"$(inherited)",
				);
				INFOPLIST_FILE = "Thousand WordsTests/Info.plist";
				LD_RUNPATH_SEARCH_PATHS = "$(inherited) @executable_path/Frameworks @loader_path/Frameworks";
				PRODUCT_NAME = "$(TARGET_NAME)";
				TEST_HOST = "$(BUILT_PRODUCTS_DIR)/Thousand Words.app/Thousand Words";
			};
			name = Debug;
		};
		4600D6F61B885CA300C35678 /* Release */ = {
			isa = XCBuildConfiguration;
			buildSettings = {
				BUNDLE_LOADER = "$(TEST_HOST)";
				FRAMEWORK_SEARCH_PATHS = (
					"$(SDKROOT)/Developer/Library/Frameworks",
					"$(inherited)",
				);
				INFOPLIST_FILE = "Thousand WordsTests/Info.plist";
				LD_RUNPATH_SEARCH_PATHS = "$(inherited) @executable_path/Frameworks @loader_path/Frameworks";
				PRODUCT_NAME = "$(TARGET_NAME)";
				TEST_HOST = "$(BUILT_PRODUCTS_DIR)/Thousand Words.app/Thousand Words";
			};
			name = Release;
		};
/* End XCBuildConfiguration section */

/* Begin XCConfigurationList section */
		4600D6C61B885CA200C35678 /* Build configuration list for PBXProject "Thousand Words" */ = {
			isa = XCConfigurationList;
			buildConfigurations = (
				4600D6EF1B885CA300C35678 /* Debug */,
				4600D6F01B885CA300C35678 /* Release */,
			);
			defaultConfigurationIsVisible = 0;
			defaultConfigurationName = Release;
		};
		4600D6F11B885CA300C35678 /* Build configuration list for PBXNativeTarget "Thousand Words" */ = {
			isa = XCConfigurationList;
			buildConfigurations = (
				4600D6F21B885CA300C35678 /* Debug */,
				4600D6F31B885CA300C35678 /* Release */,
			);
			defaultConfigurationIsVisible = 0;
		};
		4600D6F41B885CA300C35678 /* Build configuration list for PBXNativeTarget "Thousand WordsTests" */ = {
			isa = XCConfigurationList;
			buildConfigurations = (
				4600D6F51B885CA300C35678 /* Debug */,
				4600D6F61B885CA300C35678 /* Release */,
			);
			defaultConfigurationIsVisible = 0;
		};
/* End XCConfigurationList section */

/* Begin XCVersionGroup section */
		4600D6D51B885CA200C35678 /* Thousand_Words.xcdatamodeld */ = {
			isa = XCVersionGroup;
			children = (
				4600D6D61B885CA200C35678 /* Thousand_Words.xcdatamodel */,
			);
			currentVersion = 4600D6D61B885CA200C35678 /* Thousand_Words.xcdatamodel */;
			path = Thousand_Words.xcdatamodeld;
			sourceTree = "<group>";
			versionGroupType = wrapper.xcdatamodel;
		};
/* End XCVersionGroup section */
	};
	rootObject = 4600D6C31B885CA200C35678 /* Project object */;
}
